
Microsoft Visual Studio Solution File, Format Version 12.00
# Visual Studio Version 16
VisualStudioVersion = 16.0.29613.14
MinimumVisualStudioVersion = 10.0.40219.1
Project("{8BC9CEB8-8B4A-11D0-8D11-00A0C91BC942}") = "Question5.3", "Question5.3.vcxproj", "{828E94DF-E14D-4388-A0F0-9B0D54668BDF}"
EndProject
Global
	GlobalSection(SolutionConfigurationPlatforms) = preSolution
		Debug|x64 = Debug|x64
		Debug|x86 = Debug|x86
		Release|x64 = Release|x64
		Release|x86 = Release|x86
	EndGlobalSection
	GlobalSection(ProjectConfigurationPlatforms) = postSolution
		{828E94DF-E14D-4388-A0F0-9B0D54668BDF}.Debug|x64.ActiveCfg = Debug|x64
		{828E94DF-E14D-4388-A0F0-9B0D54668BDF}.Debug|x64.Build.0 = Debug|x64
		{828E94DF-E14D-4388-A0F0-9B0D54668BDF}.Debug|x86.ActiveCfg = Debug|Win32
		{828E94DF-E14D-4388-A0F0-9B0D54668BDF}.Debug|x86.Build.0 = Debug|Win32
		{828E94DF-E14D-4388-A0F0-9B0D54668BDF}.Release|x64.ActiveCfg = Release|x64
		{828E94DF-E14D-4388-A0F0-9B0D54668BDF}.Release|x64.Build.0 = Release|x64
		{828E94DF-E14D-4388-A0F0-9B0D54668BDF}.Release|x86.ActiveCfg = Release|Win32
		{828E94DF-E14D-4388-A0F0-9B0D54668BDF}.Release|x86.Build.0 = Release|Win32
	EndGlobalSection
	GlobalSection(SolutionProperties) = preSolution
		HideSolutionNode = FALSE
	EndGlobalSection
	GlobalSection(ExtensibilityGlobals) = postSolution
		SolutionGuid = {D1B65E77-196A-4FF7-AD39-985C34D09D11}
	EndGlobalSection
EndGlobal
